{
  "name": "tmap",
  "version": "1.0.0",
  "lockfileVersion": 1,
  "requires": true,
  "dependencies": {
    "lore-engine": {
      "version": "1.1.42",
      "resolved": "https://registry.npmjs.org/lore-engine/-/lore-engine-1.1.42.tgz",
      "integrity": "sha512-PpQw1QEc3xUer/TDk/iocRjttciwxRfayopa8Mv7LS0vaFS12yxAcAXkuXaMORl3op+inb1ievjCbXTyCs+fmQ=="
    }
  }
}
