{
  "name": "tmap-faerun-js",
  "version": "1.0.6",
  "lockfileVersion": 1,
  "requires": true,
  "dependencies": {
    "lore-engine": {
      "version": "1.1.48",
      "resolved": "https://registry.npmjs.org/lore-engine/-/lore-engine-1.1.48.tgz",
      "integrity": "sha512-m6p8oxSuSiHAIzoGP3qOOo8ygsWtEy/rkYwdmDaUJcTAHP6Rw1Aji/YqJVCvliZJk3hQgKraEjFpTcXjYtq63A=="
    }
  }
}
