{
  "name": "tmap-faerun-js",
  "version": "1.0.1",
  "lockfileVersion": 1,
  "requires": true,
  "dependencies": {
    "lore-engine": {
      "version": "1.1.46",
      "resolved": "https://registry.npmjs.org/lore-engine/-/lore-engine-1.1.46.tgz",
      "integrity": "sha512-ro/eQMluj4h6dQPUIpj6nhFa8TS21g3zWpOFjoflGj4jyIE4kdqZ/udV1jrY7LjMgG8ppt6DskYH2ZYoJPNRlA=="
    }
  }
}
